
Microsoft Visual Studio Solution File, Format Version 12.00
# Visual Studio Version 17
VisualStudioVersion = 17.11.35327.3
MinimumVisualStudioVersion = 10.0.40219.1
Project("{8BC9CEB8-8B4A-11D0-8D11-00A0C91BC942}") = "Chap 4 23", "Chap 4 23\Chap 4 23.vcxproj", "{57E7920A-8DA4-4F86-BFB6-251E7C7B84E5}"
EndProject
Global
	GlobalSection(SolutionConfigurationPlatforms) = preSolution
		Debug|x64 = Debug|x64
		Debug|x86 = Debug|x86
		Release|x64 = Release|x64
		Release|x86 = Release|x86
	EndGlobalSection
	GlobalSection(ProjectConfigurationPlatforms) = postSolution
		{57E7920A-8DA4-4F86-BFB6-251E7C7B84E5}.Debug|x64.ActiveCfg = Debug|x64
		{57E7920A-8DA4-4F86-BFB6-251E7C7B84E5}.Debug|x64.Build.0 = Debug|x64
		{57E7920A-8DA4-4F86-BFB6-251E7C7B84E5}.Debug|x86.ActiveCfg = Debug|Win32
		{57E7920A-8DA4-4F86-BFB6-251E7C7B84E5}.Debug|x86.Build.0 = Debug|Win32
		{57E7920A-8DA4-4F86-BFB6-251E7C7B84E5}.Release|x64.ActiveCfg = Release|x64
		{57E7920A-8DA4-4F86-BFB6-251E7C7B84E5}.Release|x64.Build.0 = Release|x64
		{57E7920A-8DA4-4F86-BFB6-251E7C7B84E5}.Release|x86.ActiveCfg = Release|Win32
		{57E7920A-8DA4-4F86-BFB6-251E7C7B84E5}.Release|x86.Build.0 = Release|Win32
	EndGlobalSection
	GlobalSection(SolutionProperties) = preSolution
		HideSolutionNode = FALSE
	EndGlobalSection
	GlobalSection(ExtensibilityGlobals) = postSolution
		SolutionGuid = {0352D612-D771-4D9C-899C-9B42C9590803}
	EndGlobalSection
EndGlobal
